<?xml version="1.0" encoding="utf-8"?>
<Project ToolsVersion="4.0" xmlns="http://schemas.microsoft.com/developer/msbuild/2003">
  <ItemGroup>
    <Filter Include="Resource Files">
      <UniqueIdentifier>{67DA6AB6-F800-4c08-8B7A-83BB121AAD01}</UniqueIdentifier>
      <Extensions>rc;ico;cur;bmp;dlg;rc2;rct;bin;rgs;gif;jpg;jpeg;jpe;resx;tiff;tif;png;wav;mfcribbon-ms</Extensions>
    </Filter>
    <Filter Include="Source">
      <UniqueIdentifier>{93995380-89BD-4b04-88EB-625FBE52EBFB}</UniqueIdentifier>
      <Extensions>h;hh;hpp;hxx;hm;inl;inc;ipp;xsd</Extensions>
    </Filter>
    <Filter Include="Source\Log">
      <UniqueIdentifier>{5e2abe93-73b1-4ec7-8bc8-786255df64bb}</UniqueIdentifier>
    </Filter>
    <Filter Include="Source\ImplementationHelpers">
      <UniqueIdentifier>{0aa1d91a-4886-44ea-9114-7bae40d8003e}</UniqueIdentifier>
    </Filter>
    <Filter Include="Source\Assertion">
      <UniqueIdentifier>{cadf8676-a315-40b3-b5a7-a7f6acf08338}</UniqueIdentifier>
    </Filter>
    <Filter Include="Source\Log\LogPolicy">
      <UniqueIdentifier>{476ea7bc-658f-477d-877b-89e87c03a8d2}</UniqueIdentifier>
    </Filter>
  </ItemGroup>
  <ItemGroup>
    <ClInclude Include="pch.h">
      <Filter>Source</Filter>
    </ClInclude>
    <ClInclude Include="Singleton.h">
      <Filter>Source\ImplementationHelpers</Filter>
    </ClInclude>
    <ClInclude Include="SmartEnum.h">
      <Filter>Source\ImplementationHelpers</Filter>
    </ClInclude>
    <ClInclude Include="CriticalSection.h">
      <Filter>Source\ImplementationHelpers</Filter>
    </ClInclude>
    <ClInclude Include="Assertion.h">
      <Filter>Source\Assertion</Filter>
    </ClInclude>
    <ClInclude Include="Logger.h">
      <Filter>Source\Log</Filter>
    </ClInclude>
    <ClInclude Include="LogSystem.h">
      <Filter>Source\Log</Filter>
    </ClInclude>
    <ClInclude Include="ConsoleLogPolicy.h">
      <Filter>Source\Log\LogPolicy</Filter>
    </ClInclude>
    <ClInclude Include="DebugLogPolicy.h">
      <Filter>Source\Log\LogPolicy</Filter>
    </ClInclude>
    <ClInclude Include="FileLogPolicy.h">
      <Filter>Source\Log\LogPolicy</Filter>
    </ClInclude>
    <ClInclude Include="ILogPolicy.h">
      <Filter>Source\Log\LogPolicy</Filter>
    </ClInclude>
    <ClInclude Include="SystemConfiguration.h">
      <Filter>Source</Filter>
    </ClInclude>
    <ClInclude Include="MacroTricks.h">
      <Filter>Source</Filter>
    </ClInclude>
  </ItemGroup>
  <ItemGroup>
    <ClCompile Include="pch.cpp">
      <Filter>Source</Filter>
    </ClCompile>
    <ClCompile Include="CriticalSection.cpp">
      <Filter>Source\ImplementationHelpers</Filter>
    </ClCompile>
    <ClCompile Include="LogSystem.cpp">
      <Filter>Source\Log</Filter>
    </ClCompile>
    <ClCompile Include="ConsoleLogPolicy.cpp">
      <Filter>Source\Log\LogPolicy</Filter>
    </ClCompile>
    <ClCompile Include="FileLogPolicy.cpp">
      <Filter>Source\Log\LogPolicy</Filter>
    </ClCompile>
    <ClCompile Include="Logger.cpp">
      <Filter>Source\Log</Filter>
    </ClCompile>
    <ClCompile Include="DebugLogPolicy.cpp">
      <Filter>Source\Log\LogPolicy</Filter>
    </ClCompile>
  </ItemGroup>
</Project>